// !$*UTF8*$!
{
	archiveVersion = 1;
	classes = {
	};
	objectVersion = 56;
	objects = {

/* Begin PBXBuildFile section */
		52EFB1792C6CE0E200C0EB73 /* Simple_CalculatorApp.swift in Sources */ = {isa = PBXBuildFile; fileRef = 52EFB1782C6CE0E200C0EB73 /* Simple_CalculatorApp.swift */; };
		52EFB17B2C6CE0E200C0EB73 /* ContentView.swift in Sources */ = {isa = PBXBuildFile; fileRef = 52EFB17A2C6CE0E200C0EB73 /* ContentView.swift */; };
		52EFB17D2C6CE0E300C0EB73 /* Assets.xcassets in Resources */ = {isa = PBXBuildFile; fileRef = 52EFB17C2C6CE0E300C0EB73 /* Assets.xcassets */; };
		52EFB1802C6CE0E300C0EB73 /* Preview Assets.xcassets in Resources */ = {isa = PBXBuildFile; fileRef = 52EFB17F2C6CE0E300C0EB73 /* Preview Assets.xcassets */; };
		52EFB18A2C6CE0E300C0EB73 /* Simple_CalculatorTests.swift in Sources */ = {isa = PBXBuildFile; fileRef = 52EFB1892C6CE0E300C0EB73 /* Simple_CalculatorTests.swift */; };
		52EFB1942C6CE0E300C0EB73 /* Simple_CalculatorUITests.swift in Sources */ = {isa = PBXBuildFile; fileRef = 52EFB1932C6CE0E300C0EB73 /* Simple_CalculatorUITests.swift */; };
		52EFB1962C6CE0E300C0EB73 /* Simple_CalculatorUITestsLaunchTests.swift in Sources */ = {isa = PBXBuildFile; fileRef = 52EFB1952C6CE0E300C0EB73 /* Simple_CalculatorUITestsLaunchTests.swift */; };
/* End PBXBuildFile section */

/* Begin PBXContainerItemProxy section */
		52EFB1862C6CE0E300C0EB73 /* PBXContainerItemProxy */ = {
			isa = PBXContainerItemProxy;
			containerPortal = 52EFB16D2C6CE0E200C0EB73 /* Project object */;
			proxyType = 1;
			remoteGlobalIDString = 52EFB1742C6CE0E200C0EB73;
			remoteInfo = "Simple Calculator";
		};
		52EFB1902C6CE0E300C0EB73 /* PBXContainerItemProxy */ = {
			isa = PBXContainerItemProxy;
			containerPortal = 52EFB16D2C6CE0E200C0EB73 /* Project object */;
			proxyType = 1;
			remoteGlobalIDString = 52EFB1742C6CE0E200C0EB73;
			remoteInfo = "Simple Calculator";
		};
/* End PBXContainerItemProxy section */

/* Begin PBXFileReference section */
		52EFB1752C6CE0E200C0EB73 /* Simple Calculator.app */ = {isa = PBXFileReference; explicitFileType = wrapper.application; includeInIndex = 0; path = "Simple Calculator.app"; sourceTree = BUILT_PRODUCTS_DIR; };
		52EFB1782C6CE0E200C0EB73 /* Simple_CalculatorApp.swift */ = {isa = PBXFileReference; lastKnownFileType = sourcecode.swift; path = Simple_CalculatorApp.swift; sourceTree = "<group>"; };
		52EFB17A2C6CE0E200C0EB73 /* ContentView.swift */ = {isa = PBXFileReference; lastKnownFileType = sourcecode.swift; path = ContentView.swift; sourceTree = "<group>"; };
		52EFB17C2C6CE0E300C0EB73 /* Assets.xcassets */ = {isa = PBXFileReference; lastKnownFileType = folder.assetcatalog; path = Assets.xcassets; sourceTree = "<group>"; };
		52EFB17F2C6CE0E300C0EB73 /* Preview Assets.xcassets */ = {isa = PBXFileReference; lastKnownFileType = folder.assetcatalog; path = "Preview Assets.xcassets"; sourceTree = "<group>"; };
		52EFB1852C6CE0E300C0EB73 /* Simple CalculatorTests.xctest */ = {isa = PBXFileReference; explicitFileType = wrapper.cfbundle; includeInIndex = 0; path = "Simple CalculatorTests.xctest"; sourceTree = BUILT_PRODUCTS_DIR; };
		52EFB1892C6CE0E300C0EB73 /* Simple_CalculatorTests.swift */ = {isa = PBXFileReference; lastKnownFileType = sourcecode.swift; path = Simple_CalculatorTests.swift; sourceTree = "<group>"; };
		52EFB18F2C6CE0E300C0EB73 /* Simple CalculatorUITests.xctest */ = {isa = PBXFileReference; explicitFileType = wrapper.cfbundle; includeInIndex = 0; path = "Simple CalculatorUITests.xctest"; sourceTree = BUILT_PRODUCTS_DIR; };
		52EFB1932C6CE0E300C0EB73 /* Simple_CalculatorUITests.swift */ = {isa = PBXFileReference; lastKnownFileType = sourcecode.swift; path = Simple_CalculatorUITests.swift; sourceTree = "<group>"; };
		52EFB1952C6CE0E300C0EB73 /* Simple_CalculatorUITestsLaunchTests.swift */ = {isa = PBXFileReference; lastKnownFileType = sourcecode.swift; path = Simple_CalculatorUITestsLaunchTests.swift; sourceTree = "<group>"; };
/* End PBXFileReference section */

/* Begin PBXFrameworksBuildPhase section */
		52EFB1722C6CE0E200C0EB73 /* Frameworks */ = {
			isa = PBXFrameworksBuildPhase;
			buildActionMask = 2147483647;
			files = (
			);
			runOnlyForDeploymentPostprocessing = 0;
		};
		52EFB1822C6CE0E300C0EB73 /* Frameworks */ = {
			isa = PBXFrameworksBuildPhase;
			buildActionMask = 2147483647;
			files = (
			);
			runOnlyForDeploymentPostprocessing = 0;
		};
		52EFB18C2C6CE0E300C0EB73 /* Frameworks */ = {
			isa = PBXFrameworksBuildPhase;
			buildActionMask = 2147483647;
			files = (
			);
			runOnlyForDeploymentPostprocessing = 0;
		};
/* End PBXFrameworksBuildPhase section */

/* Begin PBXGroup section */
		52EFB16C2C6CE0E200C0EB73 = {
			isa = PBXGroup;
			children = (
				52EFB1772C6CE0E200C0EB73 /* Simple Calculator */,
				52EFB1882C6CE0E300C0EB73 /* Simple CalculatorTests */,
				52EFB1922C6CE0E300C0EB73 /* Simple CalculatorUITests */,
				52EFB1762C6CE0E200C0EB73 /* Products */,
			);
			sourceTree = "<group>";
		};
		52EFB1762C6CE0E200C0EB73 /* Products */ = {
			isa = PBXGroup;
			children = (
				52EFB1752C6CE0E200C0EB73 /* Simple Calculator.app */,
				52EFB1852C6CE0E300C0EB73 /* Simple CalculatorTests.xctest */,
				52EFB18F2C6CE0E300C0EB73 /* Simple CalculatorUITests.xctest */,
			);
			name = Products;
			sourceTree = "<group>";
		};
		52EFB1772C6CE0E200C0EB73 /* Simple Calculator */ = {
			isa = PBXGroup;
			children = (
				52EFB1782C6CE0E200C0EB73 /* Simple_CalculatorApp.swift */,
				52EFB17A2C6CE0E200C0EB73 /* ContentView.swift */,
				52EFB17C2C6CE0E300C0EB73 /* Assets.xcassets */,
				52EFB17E2C6CE0E300C0EB73 /* Preview Content */,
			);
			path = "Simple Calculator";
			sourceTree = "<group>";
		};
		52EFB17E2C6CE0E300C0EB73 /* Preview Content */ = {
			isa = PBXGroup;
			children = (
				52EFB17F2C6CE0E300C0EB73 /* Preview Assets.xcassets */,
			);
			path = "Preview Content";
			sourceTree = "<group>";
		};
		52EFB1882C6CE0E300C0EB73 /* Simple CalculatorTests */ = {
			isa = PBXGroup;
			children = (
				52EFB1892C6CE0E300C0EB73 /* Simple_CalculatorTests.swift */,
			);
			path = "Simple CalculatorTests";
			sourceTree = "<group>";
		};
		52EFB1922C6CE0E300C0EB73 /* Simple CalculatorUITests */ = {
			isa = PBXGroup;
			children = (
				52EFB1932C6CE0E300C0EB73 /* Simple_CalculatorUITests.swift */,
				52EFB1952C6CE0E300C0EB73 /* Simple_CalculatorUITestsLaunchTests.swift */,
			);
			path = "Simple CalculatorUITests";
			sourceTree = "<group>";
		};
/* End PBXGroup section */

/* Begin PBXNativeTarget section */
		52EFB1742C6CE0E200C0EB73 /* Simple Calculator */ = {
			isa = PBXNativeTarget;
			buildConfigurationList = 52EFB1992C6CE0E300C0EB73 /* Build configuration list for PBXNativeTarget "Simple Calculator" */;
			buildPhases = (
				52EFB1712C6CE0E200C0EB73 /* Sources */,
				52EFB1722C6CE0E200C0EB73 /* Frameworks */,
				52EFB1732C6CE0E200C0EB73 /* Resources */,
			);
			buildRules = (
			);
			dependencies = (
			);
			name = "Simple Calculator";
			productName = "Simple Calculator";
			productReference = 52EFB1752C6CE0E200C0EB73 /* Simple Calculator.app */;
			productType = "com.apple.product-type.application";
		};
		52EFB1842C6CE0E300C0EB73 /* Simple CalculatorTests */ = {
			isa = PBXNativeTarget;
			buildConfigurationList = 52EFB19C2C6CE0E300C0EB73 /* Build configuration list for PBXNativeTarget "Simple CalculatorTests" */;
			buildPhases = (
				52EFB1812C6CE0E300C0EB73 /* Sources */,
				52EFB1822C6CE0E300C0EB73 /* Frameworks */,
				52EFB1832C6CE0E300C0EB73 /* Resources */,
			);
			buildRules = (
			);
			dependencies = (
				52EFB1872C6CE0E300C0EB73 /* PBXTargetDependency */,
			);
			name = "Simple CalculatorTests";
			productName = "Simple CalculatorTests";
			productReference = 52EFB1852C6CE0E300C0EB73 /* Simple CalculatorTests.xctest */;
			productType = "com.apple.product-type.bundle.unit-test";
		};
		52EFB18E2C6CE0E300C0EB73 /* Simple CalculatorUITests */ = {
			isa = PBXNativeTarget;
			buildConfigurationList = 52EFB19F2C6CE0E300C0EB73 /* Build configuration list for PBXNativeTarget "Simple CalculatorUITests" */;
			buildPhases = (
				52EFB18B2C6CE0E300C0EB73 /* Sources */,
				52EFB18C2C6CE0E300C0EB73 /* Frameworks */,
				52EFB18D2C6CE0E300C0EB73 /* Resources */,
			);
			buildRules = (
			);
			dependencies = (
				52EFB1912C6CE0E300C0EB73 /* PBXTargetDependency */,
			);
			name = "Simple CalculatorUITests";
			productName = "Simple CalculatorUITests";
			productReference = 52EFB18F2C6CE0E300C0EB73 /* Simple CalculatorUITests.xctest */;
			productType = "com.apple.product-type.bundle.ui-testing";
		};
/* End PBXNativeTarget section */

/* Begin PBXProject section */
		52EFB16D2C6CE0E200C0EB73 /* Project object */ = {
			isa = PBXProject;
			attributes = {
				BuildIndependentTargetsInParallel = 1;
				LastSwiftUpdateCheck = 1540;
				LastUpgradeCheck = 1540;
				TargetAttributes = {
					52EFB1742C6CE0E200C0EB73 = {
						CreatedOnToolsVersion = 15.4;
					};
					52EFB1842C6CE0E300C0EB73 = {
						CreatedOnToolsVersion = 15.4;
						TestTargetID = 52EFB1742C6CE0E200C0EB73;
					};
					52EFB18E2C6CE0E300C0EB73 = {
						CreatedOnToolsVersion = 15.4;
						TestTargetID = 52EFB1742C6CE0E200C0EB73;
					};
				};
			};
			buildConfigurationList = 52EFB1702C6CE0E200C0EB73 /* Build configuration list for PBXProject "Simple Calculator" */;
			compatibilityVersion = "Xcode 14.0";
			developmentRegion = en;
			hasScannedForEncodings = 0;
			knownRegions = (
				en,
				Base,
			);
			mainGroup = 52EFB16C2C6CE0E200C0EB73;
			productRefGroup = 52EFB1762C6CE0E200C0EB73 /* Products */;
			projectDirPath = "";
			projectRoot = "";
			targets = (
				52EFB1742C6CE0E200C0EB73 /* Simple Calculator */,
				52EFB1842C6CE0E300C0EB73 /* Simple CalculatorTests */,
				52EFB18E2C6CE0E300C0EB73 /* Simple CalculatorUITests */,
			);
		};
/* End PBXProject section */

/* Begin PBXResourcesBuildPhase section */
		52EFB1732C6CE0E200C0EB73 /* Resources */ = {
			isa = PBXResourcesBuildPhase;
			buildActionMask = 2147483647;
			files = (
				52EFB1802C6CE0E300C0EB73 /* Preview Assets.xcassets in Resources */,
				52EFB17D2C6CE0E300C0EB73 /* Assets.xcassets in Resources */,
			);
			runOnlyForDeploymentPostprocessing = 0;
		};
		52EFB1832C6CE0E300C0EB73 /* Resources */ = {
			isa = PBXResourcesBuildPhase;
			buildActionMask = 2147483647;
			files = (
			);
			runOnlyForDeploymentPostprocessing = 0;
		};
		52EFB18D2C6CE0E300C0EB73 /* Resources */ = {
			isa = PBXResourcesBuildPhase;
			buildActionMask = 2147483647;
			files = (
			);
			runOnlyForDeploymentPostprocessing = 0;
		};
/* End PBXResourcesBuildPhase section */

/* Begin PBXSourcesBuildPhase section */
		52EFB1712C6CE0E200C0EB73 /* Sources */ = {
			isa = PBXSourcesBuildPhase;
			buildActionMask = 2147483647;
			files = (
				52EFB17B2C6CE0E200C0EB73 /* ContentView.swift in Sources */,
				52EFB1792C6CE0E200C0EB73 /* Simple_CalculatorApp.swift in Sources */,
			);
			runOnlyForDeploymentPostprocessing = 0;
		};
		52EFB1812C6CE0E300C0EB73 /* Sources */ = {
			isa = PBXSourcesBuildPhase;
			buildActionMask = 2147483647;
			files = (
				52EFB18A2C6CE0E300C0EB73 /* Simple_CalculatorTests.swift in Sources */,
			);
			runOnlyForDeploymentPostprocessing = 0;
		};
		52EFB18B2C6CE0E300C0EB73 /* Sources */ = {
			isa = PBXSourcesBuildPhase;
			buildActionMask = 2147483647;
			files = (
				52EFB1962C6CE0E300C0EB73 /* Simple_CalculatorUITestsLaunchTests.swift in Sources */,
				52EFB1942C6CE0E300C0EB73 /* Simple_CalculatorUITests.swift in Sources */,
			);
			runOnlyForDeploymentPostprocessing = 0;
		};
/* End PBXSourcesBuildPhase section */

/* Begin PBXTargetDependency section */
		52EFB1872C6CE0E300C0EB73 /* PBXTargetDependency */ = {
			isa = PBXTargetDependency;
			target = 52EFB1742C6CE0E200C0EB73 /* Simple Calculator */;
			targetProxy = 52EFB1862C6CE0E300C0EB73 /* PBXContainerItemProxy */;
		};
		52EFB1912C6CE0E300C0EB73 /* PBXTargetDependency */ = {
			isa = PBXTargetDependency;
			target = 52EFB1742C6CE0E200C0EB73 /* Simple Calculator */;
			targetProxy = 52EFB1902C6CE0E300C0EB73 /* PBXContainerItemProxy */;
		};
/* End PBXTargetDependency section */

/* Begin XCBuildConfiguration section */
		52EFB1972C6CE0E300C0EB73 /* Debug */ = {
			isa = XCBuildConfiguration;
			buildSettings = {
				ALWAYS_SEARCH_USER_PATHS = NO;
				ASSETCATALOG_COMPILER_GENERATE_SWIFT_ASSET_SYMBOL_EXTENSIONS = YES;
				CLANG_ANALYZER_NONNULL = YES;
				CLANG_ANALYZER_NUMBER_OBJECT_CONVERSION = YES_AGGRESSIVE;
				CLANG_CXX_LANGUAGE_STANDARD = "gnu++20";
				CLANG_ENABLE_MODULES = YES;
				CLANG_ENABLE_OBJC_ARC = YES;
				CLANG_ENABLE_OBJC_WEAK = YES;
				CLANG_WARN_BLOCK_CAPTURE_AUTORELEASING = YES;
				CLANG_WARN_BOOL_CONVERSION = YES;
				CLANG_WARN_COMMA = YES;
				CLANG_WARN_CONSTANT_CONVERSION = YES;
				CLANG_WARN_DEPRECATED_OBJC_IMPLEMENTATIONS = YES;
				CLANG_WARN_DIRECT_OBJC_ISA_USAGE = YES_ERROR;
				CLANG_WARN_DOCUMENTATION_COMMENTS = YES;
				CLANG_WARN_EMPTY_BODY = YES;
				CLANG_WARN_ENUM_CONVERSION = YES;
				CLANG_WARN_INFINITE_RECURSION = YES;
				CLANG_WARN_INT_CONVERSION = YES;
				CLANG_WARN_NON_LITERAL_NULL_CONVERSION = YES;
				CLANG_WARN_OBJC_IMPLICIT_RETAIN_SELF = YES;
				CLANG_WARN_OBJC_LITERAL_CONVERSION = YES;
				CLANG_WARN_OBJC_ROOT_CLASS = YES_ERROR;
				CLANG_WARN_QUOTED_INCLUDE_IN_FRAMEWORK_HEADER = YES;
				CLANG_WARN_RANGE_LOOP_ANALYSIS = YES;
				CLANG_WARN_STRICT_PROTOTYPES = YES;
				CLANG_WARN_SUSPICIOUS_MOVE = YES;
				CLANG_WARN_UNGUARDED_AVAILABILITY = YES_AGGRESSIVE;
				CLANG_WARN_UNREACHABLE_CODE = YES;
				CLANG_WARN__DUPLICATE_METHOD_MATCH = YES;
				COPY_PHASE_STRIP = NO;
				DEBUG_INFORMATION_FORMAT = dwarf;
				ENABLE_STRICT_OBJC_MSGSEND = YES;
				ENABLE_TESTABILITY = YES;
				ENABLE_USER_SCRIPT_SANDBOXING = YES;
				GCC_C_LANGUAGE_STANDARD = gnu17;
				GCC_DYNAMIC_NO_PIC = NO;
				GCC_NO_COMMON_BLOCKS = YES;
				GCC_OPTIMIZATION_LEVEL = 0;
				GCC_PREPROCESSOR_DEFINITIONS = (
					"DEBUG=1",
					"$(inherited)",
				);
				GCC_WARN_64_TO_32_BIT_CONVERSION = YES;
				GCC_WARN_ABOUT_RETURN_TYPE = YES_ERROR;
				GCC_WARN_UNDECLARED_SELECTOR = YES;
				GCC_WARN_UNINITIALIZED_AUTOS = YES_AGGRESSIVE;
				GCC_WARN_UNUSED_FUNCTION = YES;
				GCC_WARN_UNUSED_VARIABLE = YES;
				IPHONEOS_DEPLOYMENT_TARGET = 17.5;
				LOCALIZATION_PREFERS_STRING_CATALOGS = YES;
				MTL_ENABLE_DEBUG_INFO = INCLUDE_SOURCE;
				MTL_FAST_MATH = YES;
				ONLY_ACTIVE_ARCH = YES;
				SDKROOT = iphoneos;
				SWIFT_ACTIVE_COMPILATION_CONDITIONS = "DEBUG $(inherited)";
				SWIFT_OPTIMIZATION_LEVEL = "-Onone";
			};
			name = Debug;
		};
		52EFB1982C6CE0E300C0EB73 /* Release */ = {
			isa = XCBuildConfiguration;
			buildSettings = {
				ALWAYS_SEARCH_USER_PATHS = NO;
				ASSETCATALOG_COMPILER_GENERATE_SWIFT_ASSET_SYMBOL_EXTENSIONS = YES;
				CLANG_ANALYZER_NONNULL = YES;
				CLANG_ANALYZER_NUMBER_OBJECT_CONVERSION = YES_AGGRESSIVE;
				CLANG_CXX_LANGUAGE_STANDARD = "gnu++20";
				CLANG_ENABLE_MODULES = YES;
				CLANG_ENABLE_OBJC_ARC = YES;
				CLANG_ENABLE_OBJC_WEAK = YES;
				CLANG_WARN_BLOCK_CAPTURE_AUTORELEASING = YES;
				CLANG_WARN_BOOL_CONVERSION = YES;
				CLANG_WARN_COMMA = YES;
				CLANG_WARN_CONSTANT_CONVERSION = YES;
				CLANG_WARN_DEPRECATED_OBJC_IMPLEMENTATIONS = YES;
				CLANG_WARN_DIRECT_OBJC_ISA_USAGE = YES_ERROR;
				CLANG_WARN_DOCUMENTATION_COMMENTS = YES;
				CLANG_WARN_EMPTY_BODY = YES;
				CLANG_WARN_ENUM_CONVERSION = YES;
				CLANG_WARN_INFINITE_RECURSION = YES;
				CLANG_WARN_INT_CONVERSION = YES;
				CLANG_WARN_NON_LITERAL_NULL_CONVERSION = YES;
				CLANG_WARN_OBJC_IMPLICIT_RETAIN_SELF = YES;
				CLANG_WARN_OBJC_LITERAL_CONVERSION = YES;
				CLANG_WARN_OBJC_ROOT_CLASS = YES_ERROR;
				CLANG_WARN_QUOTED_INCLUDE_IN_FRAMEWORK_HEADER = YES;
				CLANG_WARN_RANGE_LOOP_ANALYSIS = YES;
				CLANG_WARN_STRICT_PROTOTYPES = YES;
				CLANG_WARN_SUSPICIOUS_MOVE = YES;
				CLANG_WARN_UNGUARDED_AVAILABILITY = YES_AGGRESSIVE;
				CLANG_WARN_UNREACHABLE_CODE = YES;
				CLANG_WARN__DUPLICATE_METHOD_MATCH = YES;
				COPY_PHASE_STRIP = NO;
				DEBUG_INFORMATION_FORMAT = "dwarf-with-dsym";
				ENABLE_NS_ASSERTIONS = NO;
				ENABLE_STRICT_OBJC_MSGSEND = YES;
				ENABLE_USER_SCRIPT_SANDBOXING = YES;
				GCC_C_LANGUAGE_STANDARD = gnu17;
				GCC_NO_COMMON_BLOCKS = YES;
				GCC_WARN_64_TO_32_BIT_CONVERSION = YES;
				GCC_WARN_ABOUT_RETURN_TYPE = YES_ERROR;
				GCC_WARN_UNDECLARED_SELECTOR = YES;
				GCC_WARN_UNINITIALIZED_AUTOS = YES_AGGRESSIVE;
				GCC_WARN_UNUSED_FUNCTION = YES;
				GCC_WARN_UNUSED_VARIABLE = YES;
				IPHONEOS_DEPLOYMENT_TARGET = 17.5;
				LOCALIZATION_PREFERS_STRING_CATALOGS = YES;
				MTL_ENABLE_DEBUG_INFO = NO;
				MTL_FAST_MATH = YES;
				SDKROOT = iphoneos;
				SWIFT_COMPILATION_MODE = wholemodule;
				VALIDATE_PRODUCT = YES;
			};
			name = Release;
		};
		52EFB19A2C6CE0E300C0EB73 /* Debug */ = {
			isa = XCBuildConfiguration;
			buildSettings = {
				ASSETCATALOG_COMPILER_APPICON_NAME = AppIcon;
				ASSETCATALOG_COMPILER_GLOBAL_ACCENT_COLOR_NAME = AccentColor;
				CODE_SIGN_STYLE = Automatic;
				CURRENT_PROJECT_VERSION = 1;
				DEVELOPMENT_ASSET_PATHS = "\"Simple Calculator/Preview Content\"";
				ENABLE_PREVIEWS = YES;
				GENERATE_INFOPLIST_FILE = YES;
				INFOPLIST_KEY_UIApplicationSceneManifest_Generation = YES;
				INFOPLIST_KEY_UIApplicationSupportsIndirectInputEvents = YES;
				INFOPLIST_KEY_UILaunchScreen_Generation = YES;
				INFOPLIST_KEY_UISupportedInterfaceOrientations_iPad = "UIInterfaceOrientationPortrait UIInterfaceOrientationPortraitUpsideDown UIInterfaceOrientationLandscapeLeft UIInterfaceOrientationLandscapeRight";
				INFOPLIST_KEY_UISupportedInterfaceOrientations_iPhone = "UIInterfaceOrientationPortrait UIInterfaceOrientationLandscapeLeft UIInterfaceOrientationLandscapeRight";
				LD_RUNPATH_SEARCH_PATHS = (
					"$(inherited)",
					"@executable_path/Frameworks",
				);
				MARKETING_VERSION = 1.0;
				PRODUCT_BUNDLE_IDENTIFIER = "hrk84ya.Simple-Calculator";
				PRODUCT_NAME = "$(TARGET_NAME)";
				SWIFT_EMIT_LOC_STRINGS = YES;
				SWIFT_VERSION = 5.0;
				TARGETED_DEVICE_FAMILY = "1,2";
			};
			name = Debug;
		};
		52EFB19B2C6CE0E300C0EB73 /* Release */ = {
			isa = XCBuildConfiguration;
			buildSettings = {
				ASSETCATALOG_COMPILER_APPICON_NAME = AppIcon;
				ASSETCATALOG_COMPILER_GLOBAL_ACCENT_COLOR_NAME = AccentColor;
				CODE_SIGN_STYLE = Automatic;
				CURRENT_PROJECT_VERSION = 1;
				DEVELOPMENT_ASSET_PATHS = "\"Simple Calculator/Preview Content\"";
				ENABLE_PREVIEWS = YES;
				GENERATE_INFOPLIST_FILE = YES;
				INFOPLIST_KEY_UIApplicationSceneManifest_Generation = YES;
				INFOPLIST_KEY_UIApplicationSupportsIndirectInputEvents = YES;
				INFOPLIST_KEY_UILaunchScreen_Generation = YES;
				INFOPLIST_KEY_UISupportedInterfaceOrientations_iPad = "UIInterfaceOrientationPortrait UIInterfaceOrientationPortraitUpsideDown UIInterfaceOrientationLandscapeLeft UIInterfaceOrientationLandscapeRight";
				INFOPLIST_KEY_UISupportedInterfaceOrientations_iPhone = "UIInterfaceOrientationPortrait UIInterfaceOrientationLandscapeLeft UIInterfaceOrientationLandscapeRight";
				LD_RUNPATH_SEARCH_PATHS = (
					"$(inherited)",
					"@executable_path/Frameworks",
				);
				MARKETING_VERSION = 1.0;
				PRODUCT_BUNDLE_IDENTIFIER = "hrk84ya.Simple-Calculator";
				PRODUCT_NAME = "$(TARGET_NAME)";
				SWIFT_EMIT_LOC_STRINGS = YES;
				SWIFT_VERSION = 5.0;
				TARGETED_DEVICE_FAMILY = "1,2";
			};
			name = Release;
		};
		52EFB19D2C6CE0E300C0EB73 /* Debug */ = {
			isa = XCBuildConfiguration;
			buildSettings = {
				ALWAYS_EMBED_SWIFT_STANDARD_LIBRARIES = YES;
				BUNDLE_LOADER = "$(TEST_HOST)";
				CODE_SIGN_STYLE = Automatic;
				CURRENT_PROJECT_VERSION = 1;
				GENERATE_INFOPLIST_FILE = YES;
				IPHONEOS_DEPLOYMENT_TARGET = 17.5;
				MARKETING_VERSION = 1.0;
				PRODUCT_BUNDLE_IDENTIFIER = "hrk84ya.Simple-CalculatorTests";
				PRODUCT_NAME = "$(TARGET_NAME)";
				SWIFT_EMIT_LOC_STRINGS = NO;
				SWIFT_VERSION = 5.0;
				TARGETED_DEVICE_FAMILY = "1,2";
				TEST_HOST = "$(BUILT_PRODUCTS_DIR)/Simple Calculator.app/$(BUNDLE_EXECUTABLE_FOLDER_PATH)/Simple Calculator";
			};
			name = Debug;
		};
		52EFB19E2C6CE0E300C0EB73 /* Release */ = {
			isa = XCBuildConfiguration;
			buildSettings = {
				ALWAYS_EMBED_SWIFT_STANDARD_LIBRARIES = YES;
				BUNDLE_LOADER = "$(TEST_HOST)";
				CODE_SIGN_STYLE = Automatic;
				CURRENT_PROJECT_VERSION = 1;
				GENERATE_INFOPLIST_FILE = YES;
				IPHONEOS_DEPLOYMENT_TARGET = 17.5;
				MARKETING_VERSION = 1.0;
				PRODUCT_BUNDLE_IDENTIFIER = "hrk84ya.Simple-CalculatorTests";
				PRODUCT_NAME = "$(TARGET_NAME)";
				SWIFT_EMIT_LOC_STRINGS = NO;
				SWIFT_VERSION = 5.0;
				TARGETED_DEVICE_FAMILY = "1,2";
				TEST_HOST = "$(BUILT_PRODUCTS_DIR)/Simple Calculator.app/$(BUNDLE_EXECUTABLE_FOLDER_PATH)/Simple Calculator";
			};
			name = Release;
		};
		52EFB1A02C6CE0E300C0EB73 /* Debug */ = {
			isa = XCBuildConfiguration;
			buildSettings = {
				ALWAYS_EMBED_SWIFT_STANDARD_LIBRARIES = YES;
				CODE_SIGN_STYLE = Automatic;
				CURRENT_PROJECT_VERSION = 1;
				GENERATE_INFOPLIST_FILE = YES;
				MARKETING_VERSION = 1.0;
				PRODUCT_BUNDLE_IDENTIFIER = "hrk84ya.Simple-CalculatorUITests";
				PRODUCT_NAME = "$(TARGET_NAME)";
				SWIFT_EMIT_LOC_STRINGS = NO;
				SWIFT_VERSION = 5.0;
				TARGETED_DEVICE_FAMILY = "1,2";
				TEST_TARGET_NAME = "Simple Calculator";
			};
			name = Debug;
		};
		52EFB1A12C6CE0E300C0EB73 /* Release */ = {
			isa = XCBuildConfiguration;
			buildSettings = {
				ALWAYS_EMBED_SWIFT_STANDARD_LIBRARIES = YES;
				CODE_SIGN_STYLE = Automatic;
				CURRENT_PROJECT_VERSION = 1;
				GENERATE_INFOPLIST_FILE = YES;
				MARKETING_VERSION = 1.0;
				PRODUCT_BUNDLE_IDENTIFIER = "hrk84ya.Simple-CalculatorUITests";
				PRODUCT_NAME = "$(TARGET_NAME)";
				SWIFT_EMIT_LOC_STRINGS = NO;
				SWIFT_VERSION = 5.0;
				TARGETED_DEVICE_FAMILY = "1,2";
				TEST_TARGET_NAME = "Simple Calculator";
			};
			name = Release;
		};
/* End XCBuildConfiguration section */

/* Begin XCConfigurationList section */
		52EFB1702C6CE0E200C0EB73 /* Build configuration list for PBXProject "Simple Calculator" */ = {
			isa = XCConfigurationList;
			buildConfigurations = (
				52EFB1972C6CE0E300C0EB73 /* Debug */,
				52EFB1982C6CE0E300C0EB73 /* Release */,
			);
			defaultConfigurationIsVisible = 0;
			defaultConfigurationName = Release;
		};
		52EFB1992C6CE0E300C0EB73 /* Build configuration list for PBXNativeTarget "Simple Calculator" */ = {
			isa = XCConfigurationList;
			buildConfigurations = (
				52EFB19A2C6CE0E300C0EB73 /* Debug */,
				52EFB19B2C6CE0E300C0EB73 /* Release */,
			);
			defaultConfigurationIsVisible = 0;
			defaultConfigurationName = Release;
		};
		52EFB19C2C6CE0E300C0EB73 /* Build configuration list for PBXNativeTarget "Simple CalculatorTests" */ = {
			isa = XCConfigurationList;
			buildConfigurations = (
				52EFB19D2C6CE0E300C0EB73 /* Debug */,
				52EFB19E2C6CE0E300C0EB73 /* Release */,
			);
			defaultConfigurationIsVisible = 0;
			defaultConfigurationName = Release;
		};
		52EFB19F2C6CE0E300C0EB73 /* Build configuration list for PBXNativeTarget "Simple CalculatorUITests" */ = {
			isa = XCConfigurationList;
			buildConfigurations = (
				52EFB1A02C6CE0E300C0EB73 /* Debug */,
				52EFB1A12C6CE0E300C0EB73 /* Release */,
			);
			defaultConfigurationIsVisible = 0;
			defaultConfigurationName = Release;
		};
/* End XCConfigurationList section */
	};
	rootObject = 52EFB16D2C6CE0E200C0EB73 /* Project object */;
}
